
Microsoft Visual Studio Solution File, Format Version 12.00
# Visual Studio 15
VisualStudioVersion = 15.0.28307.572
MinimumVisualStudioVersion = 10.0.40219.1
Project("{FAE04EC0-301F-11D3-BF4B-00C04F79EFBC}") = "SCORPIO", "SCORPIO\SCORPIO.csproj", "{EE81652F-F417-4B5E-B2A5-45E4EBD36754}"
EndProject
Global
	GlobalSection(SolutionConfigurationPlatforms) = preSolution
		Debug|Any CPU = Debug|Any CPU
		Release|Any CPU = Release|Any CPU
	EndGlobalSection
	GlobalSection(ProjectConfigurationPlatforms) = postSolution
		{EE81652F-F417-4B5E-B2A5-45E4EBD36754}.Debug|Any CPU.ActiveCfg = Debug|Any CPU
		{EE81652F-F417-4B5E-B2A5-45E4EBD36754}.Debug|Any CPU.Build.0 = Debug|Any CPU
		{EE81652F-F417-4B5E-B2A5-45E4EBD36754}.Release|Any CPU.ActiveCfg = Release|Any CPU
		{EE81652F-F417-4B5E-B2A5-45E4EBD36754}.Release|Any CPU.Build.0 = Release|Any CPU
	EndGlobalSection
	GlobalSection(SolutionProperties) = preSolution
		HideSolutionNode = FALSE
	EndGlobalSection
	GlobalSection(ExtensibilityGlobals) = postSolution
		SolutionGuid = {59B803AC-20E3-461B-A41A-928AA6964C04}
	EndGlobalSection
EndGlobal
